{
  "name": "gpe",
  "version": "1.0.0",
  "lockfileVersion": 1,
  "requires": true,
  "dependencies": {
    "storyeng": {
      "version": "0.4.1",
      "resolved": "https://registry.npmjs.org/storyeng/-/storyeng-0.4.1.tgz",
      "integrity": "sha512-uIaH1QKbZ5LPTWXZtwBQRv/LkP2Lx6yXlgloBNUseUZTfd08kJsVKNi6lQKVdlRuTJPr4VI6E65yzdc7NXlYtA=="
    }
  }
}
